
Microsoft Visual Studio Solution File, Format Version 12.00
# Visual Studio Version 16
VisualStudioVersion = 16.0.31624.102
MinimumVisualStudioVersion = 10.0.40219.1
Project("{FAE04EC0-301F-11D3-BF4B-00C04F79EFBC}") = "TestProject0109", "TestProject0109\TestProject0109.csproj", "{AFC154CB-31E6-4CD2-BF06-D20BC63FC8C8}"
EndProject
Global
	GlobalSection(SolutionConfigurationPlatforms) = preSolution
		Debug|Any CPU = Debug|Any CPU
		Release|Any CPU = Release|Any CPU
	EndGlobalSection
	GlobalSection(ProjectConfigurationPlatforms) = postSolution
		{AFC154CB-31E6-4CD2-BF06-D20BC63FC8C8}.Debug|Any CPU.ActiveCfg = Debug|Any CPU
		{AFC154CB-31E6-4CD2-BF06-D20BC63FC8C8}.Debug|Any CPU.Build.0 = Debug|Any CPU
		{AFC154CB-31E6-4CD2-BF06-D20BC63FC8C8}.Release|Any CPU.ActiveCfg = Release|Any CPU
		{AFC154CB-31E6-4CD2-BF06-D20BC63FC8C8}.Release|Any CPU.Build.0 = Release|Any CPU
	EndGlobalSection
	GlobalSection(SolutionProperties) = preSolution
		HideSolutionNode = FALSE
	EndGlobalSection
	GlobalSection(ExtensibilityGlobals) = postSolution
		SolutionGuid = {E1CB8483-0B42-4FD2-8E6A-D41DABF6D2A3}
	EndGlobalSection
EndGlobal
